
Microsoft Visual Studio Solution File, Format Version 12.00
# Visual Studio Version 16
VisualStudioVersion = 16.0.31205.134
MinimumVisualStudioVersion = 10.0.40219.1
Project("{8BC9CEB8-8B4A-11D0-8D11-00A0C91BC942}") = "Long Long Strings", "Long Long Strings\Long Long Strings.vcxproj", "{404CCFC9-180D-41CC-A3DD-D1E75DA71E1C}"
EndProject
Project("{8BC9CEB8-8B4A-11D0-8D11-00A0C91BC942}") = "프로그래밍 언어 Z", "프로그래밍 언어 Z\프로그래밍 언어 Z.vcxproj", "{F2FB401C-01B2-4EED-9302-03E1EB0CBA75}"
EndProject
Project("{8BC9CEB8-8B4A-11D0-8D11-00A0C91BC942}") = "Play the dragon", "Play the dragon\Algorithm2.vcxproj", "{2E19B7AB-0035-4A33-86E5-2075F2DAE3EA}"
EndProject
Project("{8BC9CEB8-8B4A-11D0-8D11-00A0C91BC942}") = "BOJ 대회 스코어보드", "BOJ 대회 스코어보드\BOJ 대회 스코어보드.vcxproj", "{43B56D77-884B-418E-BF95-0C5ED21A46C3}"
EndProject
Project("{8BC9CEB8-8B4A-11D0-8D11-00A0C91BC942}") = "Filght Collision", "Filght Collision\Filght Collision.vcxproj", "{4785BABD-9DDE-4D95-BC50-A899629A0D86}"
EndProject
Project("{8BC9CEB8-8B4A-11D0-8D11-00A0C91BC942}") = "Jigsaw Puzzle", "Jigsaw Puzzle\Jigsaw Puzzle.vcxproj", "{3949DF37-3A26-42AE-902D-67226CF2D8E0}"
EndProject
Project("{8BC9CEB8-8B4A-11D0-8D11-00A0C91BC942}") = "Gnalcats", "Gnalcats\Gnalcats.vcxproj", "{DF2308A6-7CF7-48B2-8754-87CD73333F94}"
EndProject
Project("{8BC9CEB8-8B4A-11D0-8D11-00A0C91BC942}") = "Yut Nori", "Yut Nori\Yut Nori.vcxproj", "{80710B64-39A6-44FC-8AF6-94895C478633}"
EndProject
Project("{8BC9CEB8-8B4A-11D0-8D11-00A0C91BC942}") = "Light Up", "Light Up\Light Up.vcxproj", "{7D4DE3F5-0517-4AC6-96FC-6C605D1E585C}"
EndProject
Project("{8BC9CEB8-8B4A-11D0-8D11-00A0C91BC942}") = "계산 문제", "계산 문제\계산 문제.vcxproj", "{65B91758-57FA-4FDE-8086-6A4A8B82670A}"
EndProject
Project("{8BC9CEB8-8B4A-11D0-8D11-00A0C91BC942}") = "퀼린드롬 (Hard)", "퀼린드롬 (Hard)\퀼린드롬 (Hard).vcxproj", "{A5BE4A55-BF71-4157-A204-1883EDAA31EF}"
EndProject
Project("{8BC9CEB8-8B4A-11D0-8D11-00A0C91BC942}") = "퀼린드롬 (Easy)", "퀼린드롬 (Easy)\퀼린드롬 (Easy).vcxproj", "{18CC5ADE-D969-44F6-B09A-C902A3B3FACC}"
EndProject
Project("{8BC9CEB8-8B4A-11D0-8D11-00A0C91BC942}") = "팰린드롬 만들기", "팰린드롬 만들기\팰린드롬 만들기.vcxproj", "{AD572F07-296E-42DA-9F84-A4063D0DBCB8}"
EndProject
Project("{8BC9CEB8-8B4A-11D0-8D11-00A0C91BC942}") = "RPG Extreme", "RPG Extreme\RPG Extreme.vcxproj", "{2D1C2684-68CB-4621-A4C2-4CF6AEAA071E}"
EndProject
Project("{8BC9CEB8-8B4A-11D0-8D11-00A0C91BC942}") = "오델로", "오델로\오델로.vcxproj", "{B4A59B3E-9177-405A-BE33-294910326C14}"
EndProject
Project("{8BC9CEB8-8B4A-11D0-8D11-00A0C91BC942}") = "책 페이지", "책 페이지\책 페이지.vcxproj", "{83AD38CC-C0BF-4A59-8CD0-FFCDDD9FDBCC}"
EndProject
Project("{8BC9CEB8-8B4A-11D0-8D11-00A0C91BC942}") = "경찰차", "경찰차\경찰차.vcxproj", "{248F4C75-89D0-4AF7-963B-7F867FF6CB11}"
EndProject
Project("{8BC9CEB8-8B4A-11D0-8D11-00A0C91BC942}") = "휴대폰 자판", "휴대폰 자판\휴대폰 자판.vcxproj", "{20F37DA6-5B4C-4A0F-BAEB-E2559F3A2BA8}"
EndProject
Project("{8BC9CEB8-8B4A-11D0-8D11-00A0C91BC942}") = "컨닝", "컨닝\컨닝.vcxproj", "{19BE129B-C767-4E4A-B137-5E59C96B7A9D}"
EndProject
Project("{8BC9CEB8-8B4A-11D0-8D11-00A0C91BC942}") = "컨닝(Test)", "컨닝(Test)\컨닝(Test).vcxproj", "{355FF7DD-CB63-4CA1-BCBD-5735C25865F1}"
EndProject
Project("{8BC9CEB8-8B4A-11D0-8D11-00A0C91BC942}") = "Parcel", "Parcel\Parcel.vcxproj", "{92B30044-34F8-4142-BAD2-C8EA6C87E0C3}"
EndProject
Project("{8BC9CEB8-8B4A-11D0-8D11-00A0C91BC942}") = "구간 합 구하기(팬윅 트리)", "구간 합 구하기(팬윅 트리)\구간 합 구하기(팬윅 트리).vcxproj", "{56E3C2BC-DC46-4D37-8789-09237350DE0D}"
EndProject
Project("{8BC9CEB8-8B4A-11D0-8D11-00A0C91BC942}") = "교수님은 기다리지 않는다", "교수님은 기다리지 않는다\교수님은 기다리지 않는다.vcxproj", "{64BE5455-EBD6-4680-9A58-F5268FA9B26D}"
EndProject
Project("{8BC9CEB8-8B4A-11D0-8D11-00A0C91BC942}") = "Starwars", "Starwars\Starwars.vcxproj", "{7E3228E2-0146-4048-8DE0-2E9E50A8ABB1}"
EndProject
Project("{8BC9CEB8-8B4A-11D0-8D11-00A0C91BC942}") = "전설", "전설\전설.vcxproj", "{44D876D1-C44A-4434-8D60-125B5A6C5AB3}"
EndProject
Project("{8BC9CEB8-8B4A-11D0-8D11-00A0C91BC942}") = "영화 수집", "영화 수집\영화 수집.vcxproj", "{49A3E6A2-7265-403A-933C-65FFC6725AB7}"
EndProject
Project("{8BC9CEB8-8B4A-11D0-8D11-00A0C91BC942}") = "단순 다각형", "단순 다각형\단순 다각형.vcxproj", "{831C1FC6-C62E-47C5-A334-339601F95AB1}"
EndProject
Project("{8BC9CEB8-8B4A-11D0-8D11-00A0C91BC942}") = "Ignition", "Ignition\Ignition.vcxproj", "{A17BC89C-09C0-4E5B-8CB6-7CE2493B8558}"
EndProject
Project("{8BC9CEB8-8B4A-11D0-8D11-00A0C91BC942}") = "Strongly Connected Component", "Strongly Connected Component\Strongly Connected Component.vcxproj", "{ED133347-59DA-4148-B611-8298190711B0}"
EndProject
Project("{8BC9CEB8-8B4A-11D0-8D11-00A0C91BC942}") = "LCA (최소 공통 조상)", "LCA (최소 공통 조상)\LCA (최소 공통 조상).vcxproj", "{DAAB8EBD-F379-4F50-8F31-6984163EE9D1}"
EndProject
Project("{8BC9CEB8-8B4A-11D0-8D11-00A0C91BC942}") = "단절점", "단절점\단절점.vcxproj", "{478F8EC4-04AE-49BA-BD08-9C37FDCF5109}"
EndProject
Project("{8BC9CEB8-8B4A-11D0-8D11-00A0C91BC942}") = "2-SAT", "2-SAT\2-SAT.vcxproj", "{536F7155-B5FD-4776-9787-D8577234448C}"
EndProject
Project("{8BC9CEB8-8B4A-11D0-8D11-00A0C91BC942}") = "개미굴", "개미굴\개미굴.vcxproj", "{A2CF3F12-C63F-4C6F-A589-033399893A19}"
EndProject
Project("{8BC9CEB8-8B4A-11D0-8D11-00A0C91BC942}") = "거의 최단 경로", "거의 최단 경로\거의 최단 경로.vcxproj", "{0AFC3BB1-B532-4D40-BEDE-8ED0D10CB188}"
EndProject
Project("{8BC9CEB8-8B4A-11D0-8D11-00A0C91BC942}") = "디지털 비디오 디스크(DVDs)", "디지털 비디오 디스크(DVDs)\디지털 비디오 디스크(DVDs).vcxproj", "{85EA7AC9-37B9-4267-8BEB-D1C867A7E351}"
EndProject
Project("{8BC9CEB8-8B4A-11D0-8D11-00A0C91BC942}") = "방 청소", "방 청소\방 청소.vcxproj", "{2A9D7250-0ECF-44AA-BA1F-864DF3E217CF}"
EndProject
Project("{8BC9CEB8-8B4A-11D0-8D11-00A0C91BC942}") = "같은 탑", "같은 탑\같은 탑.vcxproj", "{3280DFD8-400F-43BF-A7E9-F8CDC4329F97}"
EndProject
Project("{8BC9CEB8-8B4A-11D0-8D11-00A0C91BC942}") = "파이프 청소", "파이프 청소\파이프 청소.vcxproj", "{426C6F06-911E-42E7-9542-A954F3A36BDE}"
EndProject
Project("{8BC9CEB8-8B4A-11D0-8D11-00A0C91BC942}") = "환상의 듀엣", "환상의 듀엣\환상의 듀엣.vcxproj", "{BAAC1913-E892-41B6-A6F8-18828BF1F0F1}"
EndProject
Project("{8BC9CEB8-8B4A-11D0-8D11-00A0C91BC942}") = "스터디 그룹", "스터디 그룹\스터디 그룹.vcxproj", "{3E001E1E-EE0C-498B-B276-B8018AF85D80}"
EndProject
Project("{8BC9CEB8-8B4A-11D0-8D11-00A0C91BC942}") = "SW 역량 테스트", "SW 역량 테스트\SW 역량 테스트.vcxproj", "{C049B7C1-25E6-406B-ADAD-CE0189DFE7D1}"
EndProject
Project("{8BC9CEB8-8B4A-11D0-8D11-00A0C91BC942}") = "내리막 길", "내리막 길\내리막 길.vcxproj", "{F9844EB4-291C-41C2-B2A7-799083E23B08}"
EndProject
Project("{8BC9CEB8-8B4A-11D0-8D11-00A0C91BC942}") = "Flow Graph Complexity", "Flow Graph Complexity\Flow Graph Complexity.vcxproj", "{F8DDAD12-4D9C-498D-8C42-AB41EF2C84F1}"
EndProject
Global
	GlobalSection(SolutionConfigurationPlatforms) = preSolution
		Debug|x64 = Debug|x64
		Debug|x86 = Debug|x86
		Release|x64 = Release|x64
		Release|x86 = Release|x86
	EndGlobalSection
	GlobalSection(ProjectConfigurationPlatforms) = postSolution
		{404CCFC9-180D-41CC-A3DD-D1E75DA71E1C}.Debug|x64.ActiveCfg = Debug|x64
		{404CCFC9-180D-41CC-A3DD-D1E75DA71E1C}.Debug|x64.Build.0 = Debug|x64
		{404CCFC9-180D-41CC-A3DD-D1E75DA71E1C}.Debug|x86.ActiveCfg = Debug|Win32
		{404CCFC9-180D-41CC-A3DD-D1E75DA71E1C}.Debug|x86.Build.0 = Debug|Win32
		{404CCFC9-180D-41CC-A3DD-D1E75DA71E1C}.Release|x64.ActiveCfg = Release|x64
		{404CCFC9-180D-41CC-A3DD-D1E75DA71E1C}.Release|x64.Build.0 = Release|x64
		{404CCFC9-180D-41CC-A3DD-D1E75DA71E1C}.Release|x86.ActiveCfg = Release|Win32
		{404CCFC9-180D-41CC-A3DD-D1E75DA71E1C}.Release|x86.Build.0 = Release|Win32
		{F2FB401C-01B2-4EED-9302-03E1EB0CBA75}.Debug|x64.ActiveCfg = Debug|x64
		{F2FB401C-01B2-4EED-9302-03E1EB0CBA75}.Debug|x64.Build.0 = Debug|x64
		{F2FB401C-01B2-4EED-9302-03E1EB0CBA75}.Debug|x86.ActiveCfg = Debug|Win32
		{F2FB401C-01B2-4EED-9302-03E1EB0CBA75}.Debug|x86.Build.0 = Debug|Win32
		{F2FB401C-01B2-4EED-9302-03E1EB0CBA75}.Release|x64.ActiveCfg = Release|x64
		{F2FB401C-01B2-4EED-9302-03E1EB0CBA75}.Release|x64.Build.0 = Release|x64
		{F2FB401C-01B2-4EED-9302-03E1EB0CBA75}.Release|x86.ActiveCfg = Release|Win32
		{F2FB401C-01B2-4EED-9302-03E1EB0CBA75}.Release|x86.Build.0 = Release|Win32
		{2E19B7AB-0035-4A33-86E5-2075F2DAE3EA}.Debug|x64.ActiveCfg = Debug|x64
		{2E19B7AB-0035-4A33-86E5-2075F2DAE3EA}.Debug|x64.Build.0 = Debug|x64
		{2E19B7AB-0035-4A33-86E5-2075F2DAE3EA}.Debug|x86.ActiveCfg = Debug|Win32
		{2E19B7AB-0035-4A33-86E5-2075F2DAE3EA}.Debug|x86.Build.0 = Debug|Win32
		{2E19B7AB-0035-4A33-86E5-2075F2DAE3EA}.Release|x64.ActiveCfg = Release|x64
		{2E19B7AB-0035-4A33-86E5-2075F2DAE3EA}.Release|x64.Build.0 = Release|x64
		{2E19B7AB-0035-4A33-86E5-2075F2DAE3EA}.Release|x86.ActiveCfg = Release|Win32
		{2E19B7AB-0035-4A33-86E5-2075F2DAE3EA}.Release|x86.Build.0 = Release|Win32
		{43B56D77-884B-418E-BF95-0C5ED21A46C3}.Debug|x64.ActiveCfg = Debug|x64
		{43B56D77-884B-418E-BF95-0C5ED21A46C3}.Debug|x64.Build.0 = Debug|x64
		{43B56D77-884B-418E-BF95-0C5ED21A46C3}.Debug|x86.ActiveCfg = Debug|Win32
		{43B56D77-884B-418E-BF95-0C5ED21A46C3}.Debug|x86.Build.0 = Debug|Win32
		{43B56D77-884B-418E-BF95-0C5ED21A46C3}.Release|x64.ActiveCfg = Release|x64
		{43B56D77-884B-418E-BF95-0C5ED21A46C3}.Release|x64.Build.0 = Release|x64
		{43B56D77-884B-418E-BF95-0C5ED21A46C3}.Release|x86.ActiveCfg = Release|Win32
		{43B56D77-884B-418E-BF95-0C5ED21A46C3}.Release|x86.Build.0 = Release|Win32
		{4785BABD-9DDE-4D95-BC50-A899629A0D86}.Debug|x64.ActiveCfg = Debug|x64
		{4785BABD-9DDE-4D95-BC50-A899629A0D86}.Debug|x64.Build.0 = Debug|x64
		{4785BABD-9DDE-4D95-BC50-A899629A0D86}.Debug|x86.ActiveCfg = Debug|Win32
		{4785BABD-9DDE-4D95-BC50-A899629A0D86}.Debug|x86.Build.0 = Debug|Win32
		{4785BABD-9DDE-4D95-BC50-A899629A0D86}.Release|x64.ActiveCfg = Release|x64
		{4785BABD-9DDE-4D95-BC50-A899629A0D86}.Release|x64.Build.0 = Release|x64
		{4785BABD-9DDE-4D95-BC50-A899629A0D86}.Release|x86.ActiveCfg = Release|Win32
		{4785BABD-9DDE-4D95-BC50-A899629A0D86}.Release|x86.Build.0 = Release|Win32
		{3949DF37-3A26-42AE-902D-67226CF2D8E0}.Debug|x64.ActiveCfg = Debug|x64
		{3949DF37-3A26-42AE-902D-67226CF2D8E0}.Debug|x64.Build.0 = Debug|x64
		{3949DF37-3A26-42AE-902D-67226CF2D8E0}.Debug|x86.ActiveCfg = Debug|Win32
		{3949DF37-3A26-42AE-902D-67226CF2D8E0}.Debug|x86.Build.0 = Debug|Win32
		{3949DF37-3A26-42AE-902D-67226CF2D8E0}.Release|x64.ActiveCfg = Release|x64
		{3949DF37-3A26-42AE-902D-67226CF2D8E0}.Release|x64.Build.0 = Release|x64
		{3949DF37-3A26-42AE-902D-67226CF2D8E0}.Release|x86.ActiveCfg = Release|Win32
		{3949DF37-3A26-42AE-902D-67226CF2D8E0}.Release|x86.Build.0 = Release|Win32
		{DF2308A6-7CF7-48B2-8754-87CD73333F94}.Debug|x64.ActiveCfg = Debug|x64
		{DF2308A6-7CF7-48B2-8754-87CD73333F94}.Debug|x64.Build.0 = Debug|x64
		{DF2308A6-7CF7-48B2-8754-87CD73333F94}.Debug|x86.ActiveCfg = Debug|Win32
		{DF2308A6-7CF7-48B2-8754-87CD73333F94}.Debug|x86.Build.0 = Debug|Win32
		{DF2308A6-7CF7-48B2-8754-87CD73333F94}.Release|x64.ActiveCfg = Release|x64
		{DF2308A6-7CF7-48B2-8754-87CD73333F94}.Release|x64.Build.0 = Release|x64
		{DF2308A6-7CF7-48B2-8754-87CD73333F94}.Release|x86.ActiveCfg = Release|Win32
		{DF2308A6-7CF7-48B2-8754-87CD73333F94}.Release|x86.Build.0 = Release|Win32
		{80710B64-39A6-44FC-8AF6-94895C478633}.Debug|x64.ActiveCfg = Debug|x64
		{80710B64-39A6-44FC-8AF6-94895C478633}.Debug|x64.Build.0 = Debug|x64
		{80710B64-39A6-44FC-8AF6-94895C478633}.Debug|x86.ActiveCfg = Debug|Win32
		{80710B64-39A6-44FC-8AF6-94895C478633}.Debug|x86.Build.0 = Debug|Win32
		{80710B64-39A6-44FC-8AF6-94895C478633}.Release|x64.ActiveCfg = Release|x64
		{80710B64-39A6-44FC-8AF6-94895C478633}.Release|x64.Build.0 = Release|x64
		{80710B64-39A6-44FC-8AF6-94895C478633}.Release|x86.ActiveCfg = Release|Win32
		{80710B64-39A6-44FC-8AF6-94895C478633}.Release|x86.Build.0 = Release|Win32
		{7D4DE3F5-0517-4AC6-96FC-6C605D1E585C}.Debug|x64.ActiveCfg = Debug|x64
		{7D4DE3F5-0517-4AC6-96FC-6C605D1E585C}.Debug|x64.Build.0 = Debug|x64
		{7D4DE3F5-0517-4AC6-96FC-6C605D1E585C}.Debug|x86.ActiveCfg = Debug|Win32
		{7D4DE3F5-0517-4AC6-96FC-6C605D1E585C}.Debug|x86.Build.0 = Debug|Win32
		{7D4DE3F5-0517-4AC6-96FC-6C605D1E585C}.Release|x64.ActiveCfg = Release|x64
		{7D4DE3F5-0517-4AC6-96FC-6C605D1E585C}.Release|x64.Build.0 = Release|x64
		{7D4DE3F5-0517-4AC6-96FC-6C605D1E585C}.Release|x86.ActiveCfg = Release|Win32
		{7D4DE3F5-0517-4AC6-96FC-6C605D1E585C}.Release|x86.Build.0 = Release|Win32
		{65B91758-57FA-4FDE-8086-6A4A8B82670A}.Debug|x64.ActiveCfg = Debug|x64
		{65B91758-57FA-4FDE-8086-6A4A8B82670A}.Debug|x64.Build.0 = Debug|x64
		{65B91758-57FA-4FDE-8086-6A4A8B82670A}.Debug|x86.ActiveCfg = Debug|Win32
		{65B91758-57FA-4FDE-8086-6A4A8B82670A}.Debug|x86.Build.0 = Debug|Win32
		{65B91758-57FA-4FDE-8086-6A4A8B82670A}.Release|x64.ActiveCfg = Release|x64
		{65B91758-57FA-4FDE-8086-6A4A8B82670A}.Release|x64.Build.0 = Release|x64
		{65B91758-57FA-4FDE-8086-6A4A8B82670A}.Release|x86.ActiveCfg = Release|Win32
		{65B91758-57FA-4FDE-8086-6A4A8B82670A}.Release|x86.Build.0 = Release|Win32
		{A5BE4A55-BF71-4157-A204-1883EDAA31EF}.Debug|x64.ActiveCfg = Debug|x64
		{A5BE4A55-BF71-4157-A204-1883EDAA31EF}.Debug|x64.Build.0 = Debug|x64
		{A5BE4A55-BF71-4157-A204-1883EDAA31EF}.Debug|x86.ActiveCfg = Debug|Win32
		{A5BE4A55-BF71-4157-A204-1883EDAA31EF}.Debug|x86.Build.0 = Debug|Win32
		{A5BE4A55-BF71-4157-A204-1883EDAA31EF}.Release|x64.ActiveCfg = Release|x64
		{A5BE4A55-BF71-4157-A204-1883EDAA31EF}.Release|x64.Build.0 = Release|x64
		{A5BE4A55-BF71-4157-A204-1883EDAA31EF}.Release|x86.ActiveCfg = Release|Win32
		{A5BE4A55-BF71-4157-A204-1883EDAA31EF}.Release|x86.Build.0 = Release|Win32
		{18CC5ADE-D969-44F6-B09A-C902A3B3FACC}.Debug|x64.ActiveCfg = Debug|x64
		{18CC5ADE-D969-44F6-B09A-C902A3B3FACC}.Debug|x64.Build.0 = Debug|x64
		{18CC5ADE-D969-44F6-B09A-C902A3B3FACC}.Debug|x86.ActiveCfg = Debug|Win32
		{18CC5ADE-D969-44F6-B09A-C902A3B3FACC}.Debug|x86.Build.0 = Debug|Win32
		{18CC5ADE-D969-44F6-B09A-C902A3B3FACC}.Release|x64.ActiveCfg = Release|x64
		{18CC5ADE-D969-44F6-B09A-C902A3B3FACC}.Release|x64.Build.0 = Release|x64
		{18CC5ADE-D969-44F6-B09A-C902A3B3FACC}.Release|x86.ActiveCfg = Release|Win32
		{18CC5ADE-D969-44F6-B09A-C902A3B3FACC}.Release|x86.Build.0 = Release|Win32
		{AD572F07-296E-42DA-9F84-A4063D0DBCB8}.Debug|x64.ActiveCfg = Debug|x64
		{AD572F07-296E-42DA-9F84-A4063D0DBCB8}.Debug|x64.Build.0 = Debug|x64
		{AD572F07-296E-42DA-9F84-A4063D0DBCB8}.Debug|x86.ActiveCfg = Debug|Win32
		{AD572F07-296E-42DA-9F84-A4063D0DBCB8}.Debug|x86.Build.0 = Debug|Win32
		{AD572F07-296E-42DA-9F84-A4063D0DBCB8}.Release|x64.ActiveCfg = Release|x64
		{AD572F07-296E-42DA-9F84-A4063D0DBCB8}.Release|x64.Build.0 = Release|x64
		{AD572F07-296E-42DA-9F84-A4063D0DBCB8}.Release|x86.ActiveCfg = Release|Win32
		{AD572F07-296E-42DA-9F84-A4063D0DBCB8}.Release|x86.Build.0 = Release|Win32
		{2D1C2684-68CB-4621-A4C2-4CF6AEAA071E}.Debug|x64.ActiveCfg = Debug|x64
		{2D1C2684-68CB-4621-A4C2-4CF6AEAA071E}.Debug|x64.Build.0 = Debug|x64
		{2D1C2684-68CB-4621-A4C2-4CF6AEAA071E}.Debug|x86.ActiveCfg = Debug|Win32
		{2D1C2684-68CB-4621-A4C2-4CF6AEAA071E}.Debug|x86.Build.0 = Debug|Win32
		{2D1C2684-68CB-4621-A4C2-4CF6AEAA071E}.Release|x64.ActiveCfg = Release|x64
		{2D1C2684-68CB-4621-A4C2-4CF6AEAA071E}.Release|x64.Build.0 = Release|x64
		{2D1C2684-68CB-4621-A4C2-4CF6AEAA071E}.Release|x86.ActiveCfg = Release|Win32
		{2D1C2684-68CB-4621-A4C2-4CF6AEAA071E}.Release|x86.Build.0 = Release|Win32
		{B4A59B3E-9177-405A-BE33-294910326C14}.Debug|x64.ActiveCfg = Debug|x64
		{B4A59B3E-9177-405A-BE33-294910326C14}.Debug|x64.Build.0 = Debug|x64
		{B4A59B3E-9177-405A-BE33-294910326C14}.Debug|x86.ActiveCfg = Debug|Win32
		{B4A59B3E-9177-405A-BE33-294910326C14}.Debug|x86.Build.0 = Debug|Win32
		{B4A59B3E-9177-405A-BE33-294910326C14}.Release|x64.ActiveCfg = Release|x64
		{B4A59B3E-9177-405A-BE33-294910326C14}.Release|x64.Build.0 = Release|x64
		{B4A59B3E-9177-405A-BE33-294910326C14}.Release|x86.ActiveCfg = Release|Win32
		{B4A59B3E-9177-405A-BE33-294910326C14}.Release|x86.Build.0 = Release|Win32
		{83AD38CC-C0BF-4A59-8CD0-FFCDDD9FDBCC}.Debug|x64.ActiveCfg = Debug|x64
		{83AD38CC-C0BF-4A59-8CD0-FFCDDD9FDBCC}.Debug|x64.Build.0 = Debug|x64
		{83AD38CC-C0BF-4A59-8CD0-FFCDDD9FDBCC}.Debug|x86.ActiveCfg = Debug|Win32
		{83AD38CC-C0BF-4A59-8CD0-FFCDDD9FDBCC}.Debug|x86.Build.0 = Debug|Win32
		{83AD38CC-C0BF-4A59-8CD0-FFCDDD9FDBCC}.Release|x64.ActiveCfg = Release|x64
		{83AD38CC-C0BF-4A59-8CD0-FFCDDD9FDBCC}.Release|x64.Build.0 = Release|x64
		{83AD38CC-C0BF-4A59-8CD0-FFCDDD9FDBCC}.Release|x86.ActiveCfg = Release|Win32
		{83AD38CC-C0BF-4A59-8CD0-FFCDDD9FDBCC}.Release|x86.Build.0 = Release|Win32
		{248F4C75-89D0-4AF7-963B-7F867FF6CB11}.Debug|x64.ActiveCfg = Debug|x64
		{248F4C75-89D0-4AF7-963B-7F867FF6CB11}.Debug|x64.Build.0 = Debug|x64
		{248F4C75-89D0-4AF7-963B-7F867FF6CB11}.Debug|x86.ActiveCfg = Debug|Win32
		{248F4C75-89D0-4AF7-963B-7F867FF6CB11}.Debug|x86.Build.0 = Debug|Win32
		{248F4C75-89D0-4AF7-963B-7F867FF6CB11}.Release|x64.ActiveCfg = Release|x64
		{248F4C75-89D0-4AF7-963B-7F867FF6CB11}.Release|x64.Build.0 = Release|x64
		{248F4C75-89D0-4AF7-963B-7F867FF6CB11}.Release|x86.ActiveCfg = Release|Win32
		{248F4C75-89D0-4AF7-963B-7F867FF6CB11}.Release|x86.Build.0 = Release|Win32
		{20F37DA6-5B4C-4A0F-BAEB-E2559F3A2BA8}.Debug|x64.ActiveCfg = Debug|x64
		{20F37DA6-5B4C-4A0F-BAEB-E2559F3A2BA8}.Debug|x64.Build.0 = Debug|x64
		{20F37DA6-5B4C-4A0F-BAEB-E2559F3A2BA8}.Debug|x86.ActiveCfg = Debug|Win32
		{20F37DA6-5B4C-4A0F-BAEB-E2559F3A2BA8}.Debug|x86.Build.0 = Debug|Win32
		{20F37DA6-5B4C-4A0F-BAEB-E2559F3A2BA8}.Release|x64.ActiveCfg = Release|x64
		{20F37DA6-5B4C-4A0F-BAEB-E2559F3A2BA8}.Release|x64.Build.0 = Release|x64
		{20F37DA6-5B4C-4A0F-BAEB-E2559F3A2BA8}.Release|x86.ActiveCfg = Release|Win32
		{20F37DA6-5B4C-4A0F-BAEB-E2559F3A2BA8}.Release|x86.Build.0 = Release|Win32
		{19BE129B-C767-4E4A-B137-5E59C96B7A9D}.Debug|x64.ActiveCfg = Debug|x64
		{19BE129B-C767-4E4A-B137-5E59C96B7A9D}.Debug|x64.Build.0 = Debug|x64
		{19BE129B-C767-4E4A-B137-5E59C96B7A9D}.Debug|x86.ActiveCfg = Debug|Win32
		{19BE129B-C767-4E4A-B137-5E59C96B7A9D}.Debug|x86.Build.0 = Debug|Win32
		{19BE129B-C767-4E4A-B137-5E59C96B7A9D}.Release|x64.ActiveCfg = Release|x64
		{19BE129B-C767-4E4A-B137-5E59C96B7A9D}.Release|x64.Build.0 = Release|x64
		{19BE129B-C767-4E4A-B137-5E59C96B7A9D}.Release|x86.ActiveCfg = Release|Win32
		{19BE129B-C767-4E4A-B137-5E59C96B7A9D}.Release|x86.Build.0 = Release|Win32
		{355FF7DD-CB63-4CA1-BCBD-5735C25865F1}.Debug|x64.ActiveCfg = Debug|x64
		{355FF7DD-CB63-4CA1-BCBD-5735C25865F1}.Debug|x64.Build.0 = Debug|x64
		{355FF7DD-CB63-4CA1-BCBD-5735C25865F1}.Debug|x86.ActiveCfg = Debug|Win32
		{355FF7DD-CB63-4CA1-BCBD-5735C25865F1}.Debug|x86.Build.0 = Debug|Win32
		{355FF7DD-CB63-4CA1-BCBD-5735C25865F1}.Release|x64.ActiveCfg = Release|x64
		{355FF7DD-CB63-4CA1-BCBD-5735C25865F1}.Release|x64.Build.0 = Release|x64
		{355FF7DD-CB63-4CA1-BCBD-5735C25865F1}.Release|x86.ActiveCfg = Release|Win32
		{355FF7DD-CB63-4CA1-BCBD-5735C25865F1}.Release|x86.Build.0 = Release|Win32
		{92B30044-34F8-4142-BAD2-C8EA6C87E0C3}.Debug|x64.ActiveCfg = Debug|x64
		{92B30044-34F8-4142-BAD2-C8EA6C87E0C3}.Debug|x64.Build.0 = Debug|x64
		{92B30044-34F8-4142-BAD2-C8EA6C87E0C3}.Debug|x86.ActiveCfg = Debug|Win32
		{92B30044-34F8-4142-BAD2-C8EA6C87E0C3}.Debug|x86.Build.0 = Debug|Win32
		{92B30044-34F8-4142-BAD2-C8EA6C87E0C3}.Release|x64.ActiveCfg = Release|x64
		{92B30044-34F8-4142-BAD2-C8EA6C87E0C3}.Release|x64.Build.0 = Release|x64
		{92B30044-34F8-4142-BAD2-C8EA6C87E0C3}.Release|x86.ActiveCfg = Release|Win32
		{92B30044-34F8-4142-BAD2-C8EA6C87E0C3}.Release|x86.Build.0 = Release|Win32
		{56E3C2BC-DC46-4D37-8789-09237350DE0D}.Debug|x64.ActiveCfg = Debug|x64
		{56E3C2BC-DC46-4D37-8789-09237350DE0D}.Debug|x64.Build.0 = Debug|x64
		{56E3C2BC-DC46-4D37-8789-09237350DE0D}.Debug|x86.ActiveCfg = Debug|Win32
		{56E3C2BC-DC46-4D37-8789-09237350DE0D}.Debug|x86.Build.0 = Debug|Win32
		{56E3C2BC-DC46-4D37-8789-09237350DE0D}.Release|x64.ActiveCfg = Release|x64
		{56E3C2BC-DC46-4D37-8789-09237350DE0D}.Release|x64.Build.0 = Release|x64
		{56E3C2BC-DC46-4D37-8789-09237350DE0D}.Release|x86.ActiveCfg = Release|Win32
		{56E3C2BC-DC46-4D37-8789-09237350DE0D}.Release|x86.Build.0 = Release|Win32
		{64BE5455-EBD6-4680-9A58-F5268FA9B26D}.Debug|x64.ActiveCfg = Debug|x64
		{64BE5455-EBD6-4680-9A58-F5268FA9B26D}.Debug|x64.Build.0 = Debug|x64
		{64BE5455-EBD6-4680-9A58-F5268FA9B26D}.Debug|x86.ActiveCfg = Debug|Win32
		{64BE5455-EBD6-4680-9A58-F5268FA9B26D}.Debug|x86.Build.0 = Debug|Win32
		{64BE5455-EBD6-4680-9A58-F5268FA9B26D}.Release|x64.ActiveCfg = Release|x64
		{64BE5455-EBD6-4680-9A58-F5268FA9B26D}.Release|x64.Build.0 = Release|x64
		{64BE5455-EBD6-4680-9A58-F5268FA9B26D}.Release|x86.ActiveCfg = Release|Win32
		{64BE5455-EBD6-4680-9A58-F5268FA9B26D}.Release|x86.Build.0 = Release|Win32
		{7E3228E2-0146-4048-8DE0-2E9E50A8ABB1}.Debug|x64.ActiveCfg = Debug|x64
		{7E3228E2-0146-4048-8DE0-2E9E50A8ABB1}.Debug|x64.Build.0 = Debug|x64
		{7E3228E2-0146-4048-8DE0-2E9E50A8ABB1}.Debug|x86.ActiveCfg = Debug|Win32
		{7E3228E2-0146-4048-8DE0-2E9E50A8ABB1}.Debug|x86.Build.0 = Debug|Win32
		{7E3228E2-0146-4048-8DE0-2E9E50A8ABB1}.Release|x64.ActiveCfg = Release|x64
		{7E3228E2-0146-4048-8DE0-2E9E50A8ABB1}.Release|x64.Build.0 = Release|x64
		{7E3228E2-0146-4048-8DE0-2E9E50A8ABB1}.Release|x86.ActiveCfg = Release|Win32
		{7E3228E2-0146-4048-8DE0-2E9E50A8ABB1}.Release|x86.Build.0 = Release|Win32
		{44D876D1-C44A-4434-8D60-125B5A6C5AB3}.Debug|x64.ActiveCfg = Debug|x64
		{44D876D1-C44A-4434-8D60-125B5A6C5AB3}.Debug|x64.Build.0 = Debug|x64
		{44D876D1-C44A-4434-8D60-125B5A6C5AB3}.Debug|x86.ActiveCfg = Debug|Win32
		{44D876D1-C44A-4434-8D60-125B5A6C5AB3}.Debug|x86.Build.0 = Debug|Win32
		{44D876D1-C44A-4434-8D60-125B5A6C5AB3}.Release|x64.ActiveCfg = Release|x64
		{44D876D1-C44A-4434-8D60-125B5A6C5AB3}.Release|x64.Build.0 = Release|x64
		{44D876D1-C44A-4434-8D60-125B5A6C5AB3}.Release|x86.ActiveCfg = Release|Win32
		{44D876D1-C44A-4434-8D60-125B5A6C5AB3}.Release|x86.Build.0 = Release|Win32
		{49A3E6A2-7265-403A-933C-65FFC6725AB7}.Debug|x64.ActiveCfg = Debug|x64
		{49A3E6A2-7265-403A-933C-65FFC6725AB7}.Debug|x64.Build.0 = Debug|x64
		{49A3E6A2-7265-403A-933C-65FFC6725AB7}.Debug|x86.ActiveCfg = Debug|Win32
		{49A3E6A2-7265-403A-933C-65FFC6725AB7}.Debug|x86.Build.0 = Debug|Win32
		{49A3E6A2-7265-403A-933C-65FFC6725AB7}.Release|x64.ActiveCfg = Release|x64
		{49A3E6A2-7265-403A-933C-65FFC6725AB7}.Release|x64.Build.0 = Release|x64
		{49A3E6A2-7265-403A-933C-65FFC6725AB7}.Release|x86.ActiveCfg = Release|Win32
		{49A3E6A2-7265-403A-933C-65FFC6725AB7}.Release|x86.Build.0 = Release|Win32
		{831C1FC6-C62E-47C5-A334-339601F95AB1}.Debug|x64.ActiveCfg = Debug|x64
		{831C1FC6-C62E-47C5-A334-339601F95AB1}.Debug|x64.Build.0 = Debug|x64
		{831C1FC6-C62E-47C5-A334-339601F95AB1}.Debug|x86.ActiveCfg = Debug|Win32
		{831C1FC6-C62E-47C5-A334-339601F95AB1}.Debug|x86.Build.0 = Debug|Win32
		{831C1FC6-C62E-47C5-A334-339601F95AB1}.Release|x64.ActiveCfg = Release|x64
		{831C1FC6-C62E-47C5-A334-339601F95AB1}.Release|x64.Build.0 = Release|x64
		{831C1FC6-C62E-47C5-A334-339601F95AB1}.Release|x86.ActiveCfg = Release|Win32
		{831C1FC6-C62E-47C5-A334-339601F95AB1}.Release|x86.Build.0 = Release|Win32
		{A17BC89C-09C0-4E5B-8CB6-7CE2493B8558}.Debug|x64.ActiveCfg = Debug|x64
		{A17BC89C-09C0-4E5B-8CB6-7CE2493B8558}.Debug|x64.Build.0 = Debug|x64
		{A17BC89C-09C0-4E5B-8CB6-7CE2493B8558}.Debug|x86.ActiveCfg = Debug|Win32
		{A17BC89C-09C0-4E5B-8CB6-7CE2493B8558}.Debug|x86.Build.0 = Debug|Win32
		{A17BC89C-09C0-4E5B-8CB6-7CE2493B8558}.Release|x64.ActiveCfg = Release|x64
		{A17BC89C-09C0-4E5B-8CB6-7CE2493B8558}.Release|x64.Build.0 = Release|x64
		{A17BC89C-09C0-4E5B-8CB6-7CE2493B8558}.Release|x86.ActiveCfg = Release|Win32
		{A17BC89C-09C0-4E5B-8CB6-7CE2493B8558}.Release|x86.Build.0 = Release|Win32
		{ED133347-59DA-4148-B611-8298190711B0}.Debug|x64.ActiveCfg = Debug|x64
		{ED133347-59DA-4148-B611-8298190711B0}.Debug|x64.Build.0 = Debug|x64
		{ED133347-59DA-4148-B611-8298190711B0}.Debug|x86.ActiveCfg = Debug|Win32
		{ED133347-59DA-4148-B611-8298190711B0}.Debug|x86.Build.0 = Debug|Win32
		{ED133347-59DA-4148-B611-8298190711B0}.Release|x64.ActiveCfg = Release|x64
		{ED133347-59DA-4148-B611-8298190711B0}.Release|x64.Build.0 = Release|x64
		{ED133347-59DA-4148-B611-8298190711B0}.Release|x86.ActiveCfg = Release|Win32
		{ED133347-59DA-4148-B611-8298190711B0}.Release|x86.Build.0 = Release|Win32
		{DAAB8EBD-F379-4F50-8F31-6984163EE9D1}.Debug|x64.ActiveCfg = Debug|x64
		{DAAB8EBD-F379-4F50-8F31-6984163EE9D1}.Debug|x64.Build.0 = Debug|x64
		{DAAB8EBD-F379-4F50-8F31-6984163EE9D1}.Debug|x86.ActiveCfg = Debug|Win32
		{DAAB8EBD-F379-4F50-8F31-6984163EE9D1}.Debug|x86.Build.0 = Debug|Win32
		{DAAB8EBD-F379-4F50-8F31-6984163EE9D1}.Release|x64.ActiveCfg = Release|x64
		{DAAB8EBD-F379-4F50-8F31-6984163EE9D1}.Release|x64.Build.0 = Release|x64
		{DAAB8EBD-F379-4F50-8F31-6984163EE9D1}.Release|x86.ActiveCfg = Release|Win32
		{DAAB8EBD-F379-4F50-8F31-6984163EE9D1}.Release|x86.Build.0 = Release|Win32
		{478F8EC4-04AE-49BA-BD08-9C37FDCF5109}.Debug|x64.ActiveCfg = Debug|x64
		{478F8EC4-04AE-49BA-BD08-9C37FDCF5109}.Debug|x64.Build.0 = Debug|x64
		{478F8EC4-04AE-49BA-BD08-9C37FDCF5109}.Debug|x86.ActiveCfg = Debug|Win32
		{478F8EC4-04AE-49BA-BD08-9C37FDCF5109}.Debug|x86.Build.0 = Debug|Win32
		{478F8EC4-04AE-49BA-BD08-9C37FDCF5109}.Release|x64.ActiveCfg = Release|x64
		{478F8EC4-04AE-49BA-BD08-9C37FDCF5109}.Release|x64.Build.0 = Release|x64
		{478F8EC4-04AE-49BA-BD08-9C37FDCF5109}.Release|x86.ActiveCfg = Release|Win32
		{478F8EC4-04AE-49BA-BD08-9C37FDCF5109}.Release|x86.Build.0 = Release|Win32
		{536F7155-B5FD-4776-9787-D8577234448C}.Debug|x64.ActiveCfg = Debug|x64
		{536F7155-B5FD-4776-9787-D8577234448C}.Debug|x64.Build.0 = Debug|x64
		{536F7155-B5FD-4776-9787-D8577234448C}.Debug|x86.ActiveCfg = Debug|Win32
		{536F7155-B5FD-4776-9787-D8577234448C}.Debug|x86.Build.0 = Debug|Win32
		{536F7155-B5FD-4776-9787-D8577234448C}.Release|x64.ActiveCfg = Release|x64
		{536F7155-B5FD-4776-9787-D8577234448C}.Release|x64.Build.0 = Release|x64
		{536F7155-B5FD-4776-9787-D8577234448C}.Release|x86.ActiveCfg = Release|Win32
		{536F7155-B5FD-4776-9787-D8577234448C}.Release|x86.Build.0 = Release|Win32
		{A2CF3F12-C63F-4C6F-A589-033399893A19}.Debug|x64.ActiveCfg = Debug|x64
		{A2CF3F12-C63F-4C6F-A589-033399893A19}.Debug|x64.Build.0 = Debug|x64
		{A2CF3F12-C63F-4C6F-A589-033399893A19}.Debug|x86.ActiveCfg = Debug|Win32
		{A2CF3F12-C63F-4C6F-A589-033399893A19}.Debug|x86.Build.0 = Debug|Win32
		{A2CF3F12-C63F-4C6F-A589-033399893A19}.Release|x64.ActiveCfg = Release|x64
		{A2CF3F12-C63F-4C6F-A589-033399893A19}.Release|x64.Build.0 = Release|x64
		{A2CF3F12-C63F-4C6F-A589-033399893A19}.Release|x86.ActiveCfg = Release|Win32
		{A2CF3F12-C63F-4C6F-A589-033399893A19}.Release|x86.Build.0 = Release|Win32
		{0AFC3BB1-B532-4D40-BEDE-8ED0D10CB188}.Debug|x64.ActiveCfg = Debug|x64
		{0AFC3BB1-B532-4D40-BEDE-8ED0D10CB188}.Debug|x64.Build.0 = Debug|x64
		{0AFC3BB1-B532-4D40-BEDE-8ED0D10CB188}.Debug|x86.ActiveCfg = Debug|Win32
		{0AFC3BB1-B532-4D40-BEDE-8ED0D10CB188}.Debug|x86.Build.0 = Debug|Win32
		{0AFC3BB1-B532-4D40-BEDE-8ED0D10CB188}.Release|x64.ActiveCfg = Release|x64
		{0AFC3BB1-B532-4D40-BEDE-8ED0D10CB188}.Release|x64.Build.0 = Release|x64
		{0AFC3BB1-B532-4D40-BEDE-8ED0D10CB188}.Release|x86.ActiveCfg = Release|Win32
		{0AFC3BB1-B532-4D40-BEDE-8ED0D10CB188}.Release|x86.Build.0 = Release|Win32
		{85EA7AC9-37B9-4267-8BEB-D1C867A7E351}.Debug|x64.ActiveCfg = Debug|x64
		{85EA7AC9-37B9-4267-8BEB-D1C867A7E351}.Debug|x64.Build.0 = Debug|x64
		{85EA7AC9-37B9-4267-8BEB-D1C867A7E351}.Debug|x86.ActiveCfg = Debug|Win32
		{85EA7AC9-37B9-4267-8BEB-D1C867A7E351}.Debug|x86.Build.0 = Debug|Win32
		{85EA7AC9-37B9-4267-8BEB-D1C867A7E351}.Release|x64.ActiveCfg = Release|x64
		{85EA7AC9-37B9-4267-8BEB-D1C867A7E351}.Release|x64.Build.0 = Release|x64
		{85EA7AC9-37B9-4267-8BEB-D1C867A7E351}.Release|x86.ActiveCfg = Release|Win32
		{85EA7AC9-37B9-4267-8BEB-D1C867A7E351}.Release|x86.Build.0 = Release|Win32
		{2A9D7250-0ECF-44AA-BA1F-864DF3E217CF}.Debug|x64.ActiveCfg = Debug|x64
		{2A9D7250-0ECF-44AA-BA1F-864DF3E217CF}.Debug|x64.Build.0 = Debug|x64
		{2A9D7250-0ECF-44AA-BA1F-864DF3E217CF}.Debug|x86.ActiveCfg = Debug|Win32
		{2A9D7250-0ECF-44AA-BA1F-864DF3E217CF}.Debug|x86.Build.0 = Debug|Win32
		{2A9D7250-0ECF-44AA-BA1F-864DF3E217CF}.Release|x64.ActiveCfg = Release|x64
		{2A9D7250-0ECF-44AA-BA1F-864DF3E217CF}.Release|x64.Build.0 = Release|x64
		{2A9D7250-0ECF-44AA-BA1F-864DF3E217CF}.Release|x86.ActiveCfg = Release|Win32
		{2A9D7250-0ECF-44AA-BA1F-864DF3E217CF}.Release|x86.Build.0 = Release|Win32
		{3280DFD8-400F-43BF-A7E9-F8CDC4329F97}.Debug|x64.ActiveCfg = Debug|x64
		{3280DFD8-400F-43BF-A7E9-F8CDC4329F97}.Debug|x64.Build.0 = Debug|x64
		{3280DFD8-400F-43BF-A7E9-F8CDC4329F97}.Debug|x86.ActiveCfg = Debug|Win32
		{3280DFD8-400F-43BF-A7E9-F8CDC4329F97}.Debug|x86.Build.0 = Debug|Win32
		{3280DFD8-400F-43BF-A7E9-F8CDC4329F97}.Release|x64.ActiveCfg = Release|x64
		{3280DFD8-400F-43BF-A7E9-F8CDC4329F97}.Release|x64.Build.0 = Release|x64
		{3280DFD8-400F-43BF-A7E9-F8CDC4329F97}.Release|x86.ActiveCfg = Release|Win32
		{3280DFD8-400F-43BF-A7E9-F8CDC4329F97}.Release|x86.Build.0 = Release|Win32
		{426C6F06-911E-42E7-9542-A954F3A36BDE}.Debug|x64.ActiveCfg = Debug|x64
		{426C6F06-911E-42E7-9542-A954F3A36BDE}.Debug|x64.Build.0 = Debug|x64
		{426C6F06-911E-42E7-9542-A954F3A36BDE}.Debug|x86.ActiveCfg = Debug|Win32
		{426C6F06-911E-42E7-9542-A954F3A36BDE}.Debug|x86.Build.0 = Debug|Win32
		{426C6F06-911E-42E7-9542-A954F3A36BDE}.Release|x64.ActiveCfg = Release|x64
		{426C6F06-911E-42E7-9542-A954F3A36BDE}.Release|x64.Build.0 = Release|x64
		{426C6F06-911E-42E7-9542-A954F3A36BDE}.Release|x86.ActiveCfg = Release|Win32
		{426C6F06-911E-42E7-9542-A954F3A36BDE}.Release|x86.Build.0 = Release|Win32
		{BAAC1913-E892-41B6-A6F8-18828BF1F0F1}.Debug|x64.ActiveCfg = Debug|x64
		{BAAC1913-E892-41B6-A6F8-18828BF1F0F1}.Debug|x64.Build.0 = Debug|x64
		{BAAC1913-E892-41B6-A6F8-18828BF1F0F1}.Debug|x86.ActiveCfg = Debug|Win32
		{BAAC1913-E892-41B6-A6F8-18828BF1F0F1}.Debug|x86.Build.0 = Debug|Win32
		{BAAC1913-E892-41B6-A6F8-18828BF1F0F1}.Release|x64.ActiveCfg = Release|x64
		{BAAC1913-E892-41B6-A6F8-18828BF1F0F1}.Release|x64.Build.0 = Release|x64
		{BAAC1913-E892-41B6-A6F8-18828BF1F0F1}.Release|x86.ActiveCfg = Release|Win32
		{BAAC1913-E892-41B6-A6F8-18828BF1F0F1}.Release|x86.Build.0 = Release|Win32
		{3E001E1E-EE0C-498B-B276-B8018AF85D80}.Debug|x64.ActiveCfg = Debug|x64
		{3E001E1E-EE0C-498B-B276-B8018AF85D80}.Debug|x64.Build.0 = Debug|x64
		{3E001E1E-EE0C-498B-B276-B8018AF85D80}.Debug|x86.ActiveCfg = Debug|Win32
		{3E001E1E-EE0C-498B-B276-B8018AF85D80}.Debug|x86.Build.0 = Debug|Win32
		{3E001E1E-EE0C-498B-B276-B8018AF85D80}.Release|x64.ActiveCfg = Release|x64
		{3E001E1E-EE0C-498B-B276-B8018AF85D80}.Release|x64.Build.0 = Release|x64
		{3E001E1E-EE0C-498B-B276-B8018AF85D80}.Release|x86.ActiveCfg = Release|Win32
		{3E001E1E-EE0C-498B-B276-B8018AF85D80}.Release|x86.Build.0 = Release|Win32
		{C049B7C1-25E6-406B-ADAD-CE0189DFE7D1}.Debug|x64.ActiveCfg = Debug|x64
		{C049B7C1-25E6-406B-ADAD-CE0189DFE7D1}.Debug|x64.Build.0 = Debug|x64
		{C049B7C1-25E6-406B-ADAD-CE0189DFE7D1}.Debug|x86.ActiveCfg = Debug|Win32
		{C049B7C1-25E6-406B-ADAD-CE0189DFE7D1}.Debug|x86.Build.0 = Debug|Win32
		{C049B7C1-25E6-406B-ADAD-CE0189DFE7D1}.Release|x64.ActiveCfg = Release|x64
		{C049B7C1-25E6-406B-ADAD-CE0189DFE7D1}.Release|x64.Build.0 = Release|x64
		{C049B7C1-25E6-406B-ADAD-CE0189DFE7D1}.Release|x86.ActiveCfg = Release|Win32
		{C049B7C1-25E6-406B-ADAD-CE0189DFE7D1}.Release|x86.Build.0 = Release|Win32
		{F9844EB4-291C-41C2-B2A7-799083E23B08}.Debug|x64.ActiveCfg = Debug|x64
		{F9844EB4-291C-41C2-B2A7-799083E23B08}.Debug|x64.Build.0 = Debug|x64
		{F9844EB4-291C-41C2-B2A7-799083E23B08}.Debug|x86.ActiveCfg = Debug|Win32
		{F9844EB4-291C-41C2-B2A7-799083E23B08}.Debug|x86.Build.0 = Debug|Win32
		{F9844EB4-291C-41C2-B2A7-799083E23B08}.Release|x64.ActiveCfg = Release|x64
		{F9844EB4-291C-41C2-B2A7-799083E23B08}.Release|x64.Build.0 = Release|x64
		{F9844EB4-291C-41C2-B2A7-799083E23B08}.Release|x86.ActiveCfg = Release|Win32
		{F9844EB4-291C-41C2-B2A7-799083E23B08}.Release|x86.Build.0 = Release|Win32
		{F8DDAD12-4D9C-498D-8C42-AB41EF2C84F1}.Debug|x64.ActiveCfg = Debug|x64
		{F8DDAD12-4D9C-498D-8C42-AB41EF2C84F1}.Debug|x64.Build.0 = Debug|x64
		{F8DDAD12-4D9C-498D-8C42-AB41EF2C84F1}.Debug|x86.ActiveCfg = Debug|Win32
		{F8DDAD12-4D9C-498D-8C42-AB41EF2C84F1}.Debug|x86.Build.0 = Debug|Win32
		{F8DDAD12-4D9C-498D-8C42-AB41EF2C84F1}.Release|x64.ActiveCfg = Release|x64
		{F8DDAD12-4D9C-498D-8C42-AB41EF2C84F1}.Release|x64.Build.0 = Release|x64
		{F8DDAD12-4D9C-498D-8C42-AB41EF2C84F1}.Release|x86.ActiveCfg = Release|Win32
		{F8DDAD12-4D9C-498D-8C42-AB41EF2C84F1}.Release|x86.Build.0 = Release|Win32
	EndGlobalSection
	GlobalSection(SolutionProperties) = preSolution
		HideSolutionNode = FALSE
	EndGlobalSection
	GlobalSection(ExtensibilityGlobals) = postSolution
		SolutionGuid = {751E4292-27B4-4B84-A521-C18A4C48D4E6}
	EndGlobalSection
EndGlobal
