
Microsoft Visual Studio Solution File, Format Version 12.00
# Visual Studio Version 16
VisualStudioVersion = 16.0.31205.134
MinimumVisualStudioVersion = 10.0.40219.1
Project("{8BC9CEB8-8B4A-11D0-8D11-00A0C91BC942}") = "Long Long Strings", "Long Long Strings\Long Long Strings.vcxproj", "{404CCFC9-180D-41CC-A3DD-D1E75DA71E1C}"
EndProject
Project("{8BC9CEB8-8B4A-11D0-8D11-00A0C91BC942}") = "프로그래밍 언어 Z", "프로그래밍 언어 Z\프로그래밍 언어 Z.vcxproj", "{F2FB401C-01B2-4EED-9302-03E1EB0CBA75}"
EndProject
Project("{8BC9CEB8-8B4A-11D0-8D11-00A0C91BC942}") = "Play the dragon", "Play the dragon\Algorithm2.vcxproj", "{2E19B7AB-0035-4A33-86E5-2075F2DAE3EA}"
EndProject
Project("{8BC9CEB8-8B4A-11D0-8D11-00A0C91BC942}") = "BOJ 대회 스코어보드", "BOJ 대회 스코어보드\BOJ 대회 스코어보드.vcxproj", "{43B56D77-884B-418E-BF95-0C5ED21A46C3}"
EndProject
Project("{8BC9CEB8-8B4A-11D0-8D11-00A0C91BC942}") = "Filght Collision", "Filght Collision\Filght Collision.vcxproj", "{4785BABD-9DDE-4D95-BC50-A899629A0D86}"
EndProject
Project("{8BC9CEB8-8B4A-11D0-8D11-00A0C91BC942}") = "Jigsaw Puzzle", "Jigsaw Puzzle\Jigsaw Puzzle.vcxproj", "{3949DF37-3A26-42AE-902D-67226CF2D8E0}"
EndProject
Project("{8BC9CEB8-8B4A-11D0-8D11-00A0C91BC942}") = "Gnalcats", "Gnalcats\Gnalcats.vcxproj", "{DF2308A6-7CF7-48B2-8754-87CD73333F94}"
EndProject
Project("{8BC9CEB8-8B4A-11D0-8D11-00A0C91BC942}") = "Yut Nori", "Yut Nori\Yut Nori.vcxproj", "{80710B64-39A6-44FC-8AF6-94895C478633}"
EndProject
Project("{8BC9CEB8-8B4A-11D0-8D11-00A0C91BC942}") = "Light Up", "Light Up\Light Up.vcxproj", "{7D4DE3F5-0517-4AC6-96FC-6C605D1E585C}"
EndProject
Project("{8BC9CEB8-8B4A-11D0-8D11-00A0C91BC942}") = "계산 문제", "계산 문제\계산 문제.vcxproj", "{65B91758-57FA-4FDE-8086-6A4A8B82670A}"
EndProject
Project("{8BC9CEB8-8B4A-11D0-8D11-00A0C91BC942}") = "퀼린드롬 (Hard)", "퀼린드롬 (Hard)\퀼린드롬 (Hard).vcxproj", "{A5BE4A55-BF71-4157-A204-1883EDAA31EF}"
EndProject
Project("{8BC9CEB8-8B4A-11D0-8D11-00A0C91BC942}") = "퀼린드롬 (Easy)", "퀼린드롬 (Easy)\퀼린드롬 (Easy).vcxproj", "{18CC5ADE-D969-44F6-B09A-C902A3B3FACC}"
EndProject
Global
	GlobalSection(SolutionConfigurationPlatforms) = preSolution
		Debug|x64 = Debug|x64
		Debug|x86 = Debug|x86
		Release|x64 = Release|x64
		Release|x86 = Release|x86
	EndGlobalSection
	GlobalSection(ProjectConfigurationPlatforms) = postSolution
		{404CCFC9-180D-41CC-A3DD-D1E75DA71E1C}.Debug|x64.ActiveCfg = Debug|x64
		{404CCFC9-180D-41CC-A3DD-D1E75DA71E1C}.Debug|x64.Build.0 = Debug|x64
		{404CCFC9-180D-41CC-A3DD-D1E75DA71E1C}.Debug|x86.ActiveCfg = Debug|Win32
		{404CCFC9-180D-41CC-A3DD-D1E75DA71E1C}.Debug|x86.Build.0 = Debug|Win32
		{404CCFC9-180D-41CC-A3DD-D1E75DA71E1C}.Release|x64.ActiveCfg = Release|x64
		{404CCFC9-180D-41CC-A3DD-D1E75DA71E1C}.Release|x64.Build.0 = Release|x64
		{404CCFC9-180D-41CC-A3DD-D1E75DA71E1C}.Release|x86.ActiveCfg = Release|Win32
		{404CCFC9-180D-41CC-A3DD-D1E75DA71E1C}.Release|x86.Build.0 = Release|Win32
		{F2FB401C-01B2-4EED-9302-03E1EB0CBA75}.Debug|x64.ActiveCfg = Debug|x64
		{F2FB401C-01B2-4EED-9302-03E1EB0CBA75}.Debug|x64.Build.0 = Debug|x64
		{F2FB401C-01B2-4EED-9302-03E1EB0CBA75}.Debug|x86.ActiveCfg = Debug|Win32
		{F2FB401C-01B2-4EED-9302-03E1EB0CBA75}.Debug|x86.Build.0 = Debug|Win32
		{F2FB401C-01B2-4EED-9302-03E1EB0CBA75}.Release|x64.ActiveCfg = Release|x64
		{F2FB401C-01B2-4EED-9302-03E1EB0CBA75}.Release|x64.Build.0 = Release|x64
		{F2FB401C-01B2-4EED-9302-03E1EB0CBA75}.Release|x86.ActiveCfg = Release|Win32
		{F2FB401C-01B2-4EED-9302-03E1EB0CBA75}.Release|x86.Build.0 = Release|Win32
		{2E19B7AB-0035-4A33-86E5-2075F2DAE3EA}.Debug|x64.ActiveCfg = Debug|x64
		{2E19B7AB-0035-4A33-86E5-2075F2DAE3EA}.Debug|x64.Build.0 = Debug|x64
		{2E19B7AB-0035-4A33-86E5-2075F2DAE3EA}.Debug|x86.ActiveCfg = Debug|Win32
		{2E19B7AB-0035-4A33-86E5-2075F2DAE3EA}.Debug|x86.Build.0 = Debug|Win32
		{2E19B7AB-0035-4A33-86E5-2075F2DAE3EA}.Release|x64.ActiveCfg = Release|x64
		{2E19B7AB-0035-4A33-86E5-2075F2DAE3EA}.Release|x64.Build.0 = Release|x64
		{2E19B7AB-0035-4A33-86E5-2075F2DAE3EA}.Release|x86.ActiveCfg = Release|Win32
		{2E19B7AB-0035-4A33-86E5-2075F2DAE3EA}.Release|x86.Build.0 = Release|Win32
		{43B56D77-884B-418E-BF95-0C5ED21A46C3}.Debug|x64.ActiveCfg = Debug|x64
		{43B56D77-884B-418E-BF95-0C5ED21A46C3}.Debug|x64.Build.0 = Debug|x64
		{43B56D77-884B-418E-BF95-0C5ED21A46C3}.Debug|x86.ActiveCfg = Debug|Win32
		{43B56D77-884B-418E-BF95-0C5ED21A46C3}.Debug|x86.Build.0 = Debug|Win32
		{43B56D77-884B-418E-BF95-0C5ED21A46C3}.Release|x64.ActiveCfg = Release|x64
		{43B56D77-884B-418E-BF95-0C5ED21A46C3}.Release|x64.Build.0 = Release|x64
		{43B56D77-884B-418E-BF95-0C5ED21A46C3}.Release|x86.ActiveCfg = Release|Win32
		{43B56D77-884B-418E-BF95-0C5ED21A46C3}.Release|x86.Build.0 = Release|Win32
		{4785BABD-9DDE-4D95-BC50-A899629A0D86}.Debug|x64.ActiveCfg = Debug|x64
		{4785BABD-9DDE-4D95-BC50-A899629A0D86}.Debug|x64.Build.0 = Debug|x64
		{4785BABD-9DDE-4D95-BC50-A899629A0D86}.Debug|x86.ActiveCfg = Debug|Win32
		{4785BABD-9DDE-4D95-BC50-A899629A0D86}.Debug|x86.Build.0 = Debug|Win32
		{4785BABD-9DDE-4D95-BC50-A899629A0D86}.Release|x64.ActiveCfg = Release|x64
		{4785BABD-9DDE-4D95-BC50-A899629A0D86}.Release|x64.Build.0 = Release|x64
		{4785BABD-9DDE-4D95-BC50-A899629A0D86}.Release|x86.ActiveCfg = Release|Win32
		{4785BABD-9DDE-4D95-BC50-A899629A0D86}.Release|x86.Build.0 = Release|Win32
		{3949DF37-3A26-42AE-902D-67226CF2D8E0}.Debug|x64.ActiveCfg = Debug|x64
		{3949DF37-3A26-42AE-902D-67226CF2D8E0}.Debug|x64.Build.0 = Debug|x64
		{3949DF37-3A26-42AE-902D-67226CF2D8E0}.Debug|x86.ActiveCfg = Debug|Win32
		{3949DF37-3A26-42AE-902D-67226CF2D8E0}.Debug|x86.Build.0 = Debug|Win32
		{3949DF37-3A26-42AE-902D-67226CF2D8E0}.Release|x64.ActiveCfg = Release|x64
		{3949DF37-3A26-42AE-902D-67226CF2D8E0}.Release|x64.Build.0 = Release|x64
		{3949DF37-3A26-42AE-902D-67226CF2D8E0}.Release|x86.ActiveCfg = Release|Win32
		{3949DF37-3A26-42AE-902D-67226CF2D8E0}.Release|x86.Build.0 = Release|Win32
		{DF2308A6-7CF7-48B2-8754-87CD73333F94}.Debug|x64.ActiveCfg = Debug|x64
		{DF2308A6-7CF7-48B2-8754-87CD73333F94}.Debug|x64.Build.0 = Debug|x64
		{DF2308A6-7CF7-48B2-8754-87CD73333F94}.Debug|x86.ActiveCfg = Debug|Win32
		{DF2308A6-7CF7-48B2-8754-87CD73333F94}.Debug|x86.Build.0 = Debug|Win32
		{DF2308A6-7CF7-48B2-8754-87CD73333F94}.Release|x64.ActiveCfg = Release|x64
		{DF2308A6-7CF7-48B2-8754-87CD73333F94}.Release|x64.Build.0 = Release|x64
		{DF2308A6-7CF7-48B2-8754-87CD73333F94}.Release|x86.ActiveCfg = Release|Win32
		{DF2308A6-7CF7-48B2-8754-87CD73333F94}.Release|x86.Build.0 = Release|Win32
		{80710B64-39A6-44FC-8AF6-94895C478633}.Debug|x64.ActiveCfg = Debug|x64
		{80710B64-39A6-44FC-8AF6-94895C478633}.Debug|x64.Build.0 = Debug|x64
		{80710B64-39A6-44FC-8AF6-94895C478633}.Debug|x86.ActiveCfg = Debug|Win32
		{80710B64-39A6-44FC-8AF6-94895C478633}.Debug|x86.Build.0 = Debug|Win32
		{80710B64-39A6-44FC-8AF6-94895C478633}.Release|x64.ActiveCfg = Release|x64
		{80710B64-39A6-44FC-8AF6-94895C478633}.Release|x64.Build.0 = Release|x64
		{80710B64-39A6-44FC-8AF6-94895C478633}.Release|x86.ActiveCfg = Release|Win32
		{80710B64-39A6-44FC-8AF6-94895C478633}.Release|x86.Build.0 = Release|Win32
		{7D4DE3F5-0517-4AC6-96FC-6C605D1E585C}.Debug|x64.ActiveCfg = Debug|x64
		{7D4DE3F5-0517-4AC6-96FC-6C605D1E585C}.Debug|x64.Build.0 = Debug|x64
		{7D4DE3F5-0517-4AC6-96FC-6C605D1E585C}.Debug|x86.ActiveCfg = Debug|Win32
		{7D4DE3F5-0517-4AC6-96FC-6C605D1E585C}.Debug|x86.Build.0 = Debug|Win32
		{7D4DE3F5-0517-4AC6-96FC-6C605D1E585C}.Release|x64.ActiveCfg = Release|x64
		{7D4DE3F5-0517-4AC6-96FC-6C605D1E585C}.Release|x64.Build.0 = Release|x64
		{7D4DE3F5-0517-4AC6-96FC-6C605D1E585C}.Release|x86.ActiveCfg = Release|Win32
		{7D4DE3F5-0517-4AC6-96FC-6C605D1E585C}.Release|x86.Build.0 = Release|Win32
		{65B91758-57FA-4FDE-8086-6A4A8B82670A}.Debug|x64.ActiveCfg = Debug|x64
		{65B91758-57FA-4FDE-8086-6A4A8B82670A}.Debug|x64.Build.0 = Debug|x64
		{65B91758-57FA-4FDE-8086-6A4A8B82670A}.Debug|x86.ActiveCfg = Debug|Win32
		{65B91758-57FA-4FDE-8086-6A4A8B82670A}.Debug|x86.Build.0 = Debug|Win32
		{65B91758-57FA-4FDE-8086-6A4A8B82670A}.Release|x64.ActiveCfg = Release|x64
		{65B91758-57FA-4FDE-8086-6A4A8B82670A}.Release|x64.Build.0 = Release|x64
		{65B91758-57FA-4FDE-8086-6A4A8B82670A}.Release|x86.ActiveCfg = Release|Win32
		{65B91758-57FA-4FDE-8086-6A4A8B82670A}.Release|x86.Build.0 = Release|Win32
		{A5BE4A55-BF71-4157-A204-1883EDAA31EF}.Debug|x64.ActiveCfg = Debug|x64
		{A5BE4A55-BF71-4157-A204-1883EDAA31EF}.Debug|x64.Build.0 = Debug|x64
		{A5BE4A55-BF71-4157-A204-1883EDAA31EF}.Debug|x86.ActiveCfg = Debug|Win32
		{A5BE4A55-BF71-4157-A204-1883EDAA31EF}.Debug|x86.Build.0 = Debug|Win32
		{A5BE4A55-BF71-4157-A204-1883EDAA31EF}.Release|x64.ActiveCfg = Release|x64
		{A5BE4A55-BF71-4157-A204-1883EDAA31EF}.Release|x64.Build.0 = Release|x64
		{A5BE4A55-BF71-4157-A204-1883EDAA31EF}.Release|x86.ActiveCfg = Release|Win32
		{A5BE4A55-BF71-4157-A204-1883EDAA31EF}.Release|x86.Build.0 = Release|Win32
		{18CC5ADE-D969-44F6-B09A-C902A3B3FACC}.Debug|x64.ActiveCfg = Debug|x64
		{18CC5ADE-D969-44F6-B09A-C902A3B3FACC}.Debug|x64.Build.0 = Debug|x64
		{18CC5ADE-D969-44F6-B09A-C902A3B3FACC}.Debug|x86.ActiveCfg = Debug|Win32
		{18CC5ADE-D969-44F6-B09A-C902A3B3FACC}.Debug|x86.Build.0 = Debug|Win32
		{18CC5ADE-D969-44F6-B09A-C902A3B3FACC}.Release|x64.ActiveCfg = Release|x64
		{18CC5ADE-D969-44F6-B09A-C902A3B3FACC}.Release|x64.Build.0 = Release|x64
		{18CC5ADE-D969-44F6-B09A-C902A3B3FACC}.Release|x86.ActiveCfg = Release|Win32
		{18CC5ADE-D969-44F6-B09A-C902A3B3FACC}.Release|x86.Build.0 = Release|Win32
	EndGlobalSection
	GlobalSection(SolutionProperties) = preSolution
		HideSolutionNode = FALSE
	EndGlobalSection
	GlobalSection(ExtensibilityGlobals) = postSolution
		SolutionGuid = {751E4292-27B4-4B84-A521-C18A4C48D4E6}
	EndGlobalSection
EndGlobal
